{
  "originHash" : "89ecb63ca8c995d29f210669905b3b4136fb85c743043f390b34ee75707a90fb",
  "pins" : [
    {
      "identity" : "dotlottie-ios",
      "kind" : "remoteSourceControl",
      "location" : "https://github.com/LottieFiles/dotlottie-ios.git",
      "state" : {
        "branch" : "main",
        "revision" : "3fabffa142035db79f020cc8978767b4931fa1b9"
      }
    }
  ],
  "version" : 3
}
